
Microsoft Visual Studio Solution File, Format Version 12.00
# Visual Studio 14
VisualStudioVersion = 14.0.25123.0
MinimumVisualStudioVersion = 10.0.40219.1
Project("{FAE04EC0-301F-11D3-BF4B-00C04F79EFBC}") = "txtValidate", "Calculatgragh\txtValidate.csproj", "{13109403-CE13-4F27-91CD-FA9317F75613}"
EndProject
Project("{FAE04EC0-301F-11D3-BF4B-00C04F79EFBC}") = "Validate", "TimeTask\Validate.csproj", "{C156BD7E-659B-47C7-821A-6EA9D377AD65}"
EndProject
Project("{FAE04EC0-301F-11D3-BF4B-00C04F79EFBC}") = "GetFocus", "GetFocus\GetFocus.csproj", "{91D25CE7-6AA9-4756-9B3C-F5AF82540B1F}"
EndProject
Global
	GlobalSection(SolutionConfigurationPlatforms) = preSolution
		Debug|Any CPU = Debug|Any CPU
		Release|Any CPU = Release|Any CPU
	EndGlobalSection
	GlobalSection(ProjectConfigurationPlatforms) = postSolution
		{13109403-CE13-4F27-91CD-FA9317F75613}.Debug|Any CPU.ActiveCfg = Debug|Any CPU
		{13109403-CE13-4F27-91CD-FA9317F75613}.Debug|Any CPU.Build.0 = Debug|Any CPU
		{13109403-CE13-4F27-91CD-FA9317F75613}.Release|Any CPU.ActiveCfg = Release|Any CPU
		{13109403-CE13-4F27-91CD-FA9317F75613}.Release|Any CPU.Build.0 = Release|Any CPU
		{C156BD7E-659B-47C7-821A-6EA9D377AD65}.Debug|Any CPU.ActiveCfg = Debug|Any CPU
		{C156BD7E-659B-47C7-821A-6EA9D377AD65}.Debug|Any CPU.Build.0 = Debug|Any CPU
		{C156BD7E-659B-47C7-821A-6EA9D377AD65}.Release|Any CPU.ActiveCfg = Release|Any CPU
		{C156BD7E-659B-47C7-821A-6EA9D377AD65}.Release|Any CPU.Build.0 = Release|Any CPU
		{91D25CE7-6AA9-4756-9B3C-F5AF82540B1F}.Debug|Any CPU.ActiveCfg = Debug|Any CPU
		{91D25CE7-6AA9-4756-9B3C-F5AF82540B1F}.Debug|Any CPU.Build.0 = Debug|Any CPU
		{91D25CE7-6AA9-4756-9B3C-F5AF82540B1F}.Release|Any CPU.ActiveCfg = Release|Any CPU
		{91D25CE7-6AA9-4756-9B3C-F5AF82540B1F}.Release|Any CPU.Build.0 = Release|Any CPU
	EndGlobalSection
	GlobalSection(SolutionProperties) = preSolution
		HideSolutionNode = FALSE
	EndGlobalSection
EndGlobal
