
Microsoft Visual Studio Solution File, Format Version 12.00
# Visual Studio 14
VisualStudioVersion = 14.0.25123.0
MinimumVisualStudioVersion = 10.0.40219.1
Project("{FAE04EC0-301F-11D3-BF4B-00C04F79EFBC}") = "EXP21_UseDLine", "DrawLine\EXP21_UseDLine.csproj", "{9B7918A8-E434-4DDF-8E62-7FEC27969F69}"
EndProject
Project("{FAE04EC0-301F-11D3-BF4B-00C04F79EFBC}") = "EXP21_UseDRectangle", "UseDRectangle\EXP21_UseDRectangle.csproj", "{7120EFE9-9582-41D7-A80F-C465A3D3C720}"
EndProject
Project("{FAE04EC0-301F-11D3-BF4B-00C04F79EFBC}") = "EXP21_UseDEllipse", "UseDEllipse\EXP21_UseDEllipse.csproj", "{25F0F088-EF38-4E31-AE10-3248B5C75025}"
EndProject
Project("{FAE04EC0-301F-11D3-BF4B-00C04F79EFBC}") = "EXP21_UseDArcy", "UseDArcy\EXP21_UseDArcy.csproj", "{0CD8120A-4959-420F-A54D-376A678B0CB6}"
EndProject
Project("{FAE04EC0-301F-11D3-BF4B-00C04F79EFBC}") = "EXP21_UseDPolygon", "UseDPolygon\EXP21_UseDPolygon.csproj", "{20D8144D-3485-4ECF-997A-DD371BE52045}"
EndProject
Project("{FAE04EC0-301F-11D3-BF4B-00C04F79EFBC}") = "EXP21_UseDString", "UseDString\EXP21_UseDString.csproj", "{386EC706-D283-4FD6-8EE0-EE344534C2B2}"
EndProject
Project("{FAE04EC0-301F-11D3-BF4B-00C04F79EFBC}") = "EXP21_DrawTool未完成", "DrawTool\EXP21_DrawTool未完成.csproj", "{217F6A57-E008-44A6-9D5A-C5CFF3473FD1}"
EndProject
Project("{FAE04EC0-301F-11D3-BF4B-00C04F79EFBC}") = "EXP21_Cachet", "Cachet\EXP21_Cachet.csproj", "{3F12C116-3DFB-405C-AB78-44F864CBCD30}"
EndProject
Project("{FAE04EC0-301F-11D3-BF4B-00C04F79EFBC}") = "EXP21_DoubleBuffer", "DoubleBuffer\EXP21_DoubleBuffer.csproj", "{F04FE32F-FD98-443A-A652-929187907E49}"
EndProject
Project("{FAE04EC0-301F-11D3-BF4B-00C04F79EFBC}") = "EXP3_C35_ToUpperOrLower", "EXP3_C35_ToUpperOrLower\EXP3_C35_ToUpperOrLower.csproj", "{7BCBF0F4-2C34-44BB-9C08-05316A0A88F7}"
EndProject
Project("{FAE04EC0-301F-11D3-BF4B-00C04F79EFBC}") = "EXP3_C47_TryNum", "EXP3_47_TryNum\EXP3_C47_TryNum.csproj", "{7083C845-2ABA-4DA5-A67B-C81A18F48354}"
EndProject
Project("{FAE04EC0-301F-11D3-BF4B-00C04F79EFBC}") = "EXP3_C48_Round", "EXP3_C48_Round\EXP3_C48_Round.csproj", "{9D2525F1-3F8C-4627-B7FE-92B80E37BCF9}"
EndProject
Project("{FAE04EC0-301F-11D3-BF4B-00C04F79EFBC}") = "EXP3_C53_GetTime_timer", "EXP3_53_GetTime\EXP3_C53_GetTime_timer.csproj", "{CC1CB197-1EF0-4A19-887B-87DFFDEE2AB2}"
EndProject
Project("{FAE04EC0-301F-11D3-BF4B-00C04F79EFBC}") = "EXP3_C53_GetTime_threading", "EXP3_C53_GetTime_threading\EXP3_C53_GetTime_threading.csproj", "{9E331918-F963-4D74-98B7-FE58A39D8115}"
EndProject
Project("{FAE04EC0-301F-11D3-BF4B-00C04F79EFBC}") = "EXP3_C066_DisplayRunTime", "DisplayRunTime\EXP3_C066_DisplayRunTime.csproj", "{CE47BF94-D7AD-45AB-A5A6-F905E2AEA6CA}"
EndProject
Global
	GlobalSection(SolutionConfigurationPlatforms) = preSolution
		Debug|Any CPU = Debug|Any CPU
		Release|Any CPU = Release|Any CPU
	EndGlobalSection
	GlobalSection(ProjectConfigurationPlatforms) = postSolution
		{9B7918A8-E434-4DDF-8E62-7FEC27969F69}.Debug|Any CPU.ActiveCfg = Debug|Any CPU
		{9B7918A8-E434-4DDF-8E62-7FEC27969F69}.Debug|Any CPU.Build.0 = Debug|Any CPU
		{9B7918A8-E434-4DDF-8E62-7FEC27969F69}.Release|Any CPU.ActiveCfg = Release|Any CPU
		{9B7918A8-E434-4DDF-8E62-7FEC27969F69}.Release|Any CPU.Build.0 = Release|Any CPU
		{7120EFE9-9582-41D7-A80F-C465A3D3C720}.Debug|Any CPU.ActiveCfg = Debug|Any CPU
		{7120EFE9-9582-41D7-A80F-C465A3D3C720}.Debug|Any CPU.Build.0 = Debug|Any CPU
		{7120EFE9-9582-41D7-A80F-C465A3D3C720}.Release|Any CPU.ActiveCfg = Release|Any CPU
		{7120EFE9-9582-41D7-A80F-C465A3D3C720}.Release|Any CPU.Build.0 = Release|Any CPU
		{25F0F088-EF38-4E31-AE10-3248B5C75025}.Debug|Any CPU.ActiveCfg = Debug|Any CPU
		{25F0F088-EF38-4E31-AE10-3248B5C75025}.Debug|Any CPU.Build.0 = Debug|Any CPU
		{25F0F088-EF38-4E31-AE10-3248B5C75025}.Release|Any CPU.ActiveCfg = Release|Any CPU
		{25F0F088-EF38-4E31-AE10-3248B5C75025}.Release|Any CPU.Build.0 = Release|Any CPU
		{0CD8120A-4959-420F-A54D-376A678B0CB6}.Debug|Any CPU.ActiveCfg = Debug|Any CPU
		{0CD8120A-4959-420F-A54D-376A678B0CB6}.Debug|Any CPU.Build.0 = Debug|Any CPU
		{0CD8120A-4959-420F-A54D-376A678B0CB6}.Release|Any CPU.ActiveCfg = Release|Any CPU
		{0CD8120A-4959-420F-A54D-376A678B0CB6}.Release|Any CPU.Build.0 = Release|Any CPU
		{20D8144D-3485-4ECF-997A-DD371BE52045}.Debug|Any CPU.ActiveCfg = Debug|Any CPU
		{20D8144D-3485-4ECF-997A-DD371BE52045}.Debug|Any CPU.Build.0 = Debug|Any CPU
		{20D8144D-3485-4ECF-997A-DD371BE52045}.Release|Any CPU.ActiveCfg = Release|Any CPU
		{20D8144D-3485-4ECF-997A-DD371BE52045}.Release|Any CPU.Build.0 = Release|Any CPU
		{386EC706-D283-4FD6-8EE0-EE344534C2B2}.Debug|Any CPU.ActiveCfg = Debug|Any CPU
		{386EC706-D283-4FD6-8EE0-EE344534C2B2}.Debug|Any CPU.Build.0 = Debug|Any CPU
		{386EC706-D283-4FD6-8EE0-EE344534C2B2}.Release|Any CPU.ActiveCfg = Release|Any CPU
		{386EC706-D283-4FD6-8EE0-EE344534C2B2}.Release|Any CPU.Build.0 = Release|Any CPU
		{217F6A57-E008-44A6-9D5A-C5CFF3473FD1}.Debug|Any CPU.ActiveCfg = Debug|Any CPU
		{217F6A57-E008-44A6-9D5A-C5CFF3473FD1}.Debug|Any CPU.Build.0 = Debug|Any CPU
		{217F6A57-E008-44A6-9D5A-C5CFF3473FD1}.Release|Any CPU.ActiveCfg = Release|Any CPU
		{217F6A57-E008-44A6-9D5A-C5CFF3473FD1}.Release|Any CPU.Build.0 = Release|Any CPU
		{3F12C116-3DFB-405C-AB78-44F864CBCD30}.Debug|Any CPU.ActiveCfg = Debug|Any CPU
		{3F12C116-3DFB-405C-AB78-44F864CBCD30}.Debug|Any CPU.Build.0 = Debug|Any CPU
		{3F12C116-3DFB-405C-AB78-44F864CBCD30}.Release|Any CPU.ActiveCfg = Release|Any CPU
		{3F12C116-3DFB-405C-AB78-44F864CBCD30}.Release|Any CPU.Build.0 = Release|Any CPU
		{F04FE32F-FD98-443A-A652-929187907E49}.Debug|Any CPU.ActiveCfg = Debug|Any CPU
		{F04FE32F-FD98-443A-A652-929187907E49}.Debug|Any CPU.Build.0 = Debug|Any CPU
		{F04FE32F-FD98-443A-A652-929187907E49}.Release|Any CPU.ActiveCfg = Release|Any CPU
		{F04FE32F-FD98-443A-A652-929187907E49}.Release|Any CPU.Build.0 = Release|Any CPU
		{7BCBF0F4-2C34-44BB-9C08-05316A0A88F7}.Debug|Any CPU.ActiveCfg = Debug|Any CPU
		{7BCBF0F4-2C34-44BB-9C08-05316A0A88F7}.Debug|Any CPU.Build.0 = Debug|Any CPU
		{7BCBF0F4-2C34-44BB-9C08-05316A0A88F7}.Release|Any CPU.ActiveCfg = Release|Any CPU
		{7BCBF0F4-2C34-44BB-9C08-05316A0A88F7}.Release|Any CPU.Build.0 = Release|Any CPU
		{7083C845-2ABA-4DA5-A67B-C81A18F48354}.Debug|Any CPU.ActiveCfg = Debug|Any CPU
		{7083C845-2ABA-4DA5-A67B-C81A18F48354}.Debug|Any CPU.Build.0 = Debug|Any CPU
		{7083C845-2ABA-4DA5-A67B-C81A18F48354}.Release|Any CPU.ActiveCfg = Release|Any CPU
		{7083C845-2ABA-4DA5-A67B-C81A18F48354}.Release|Any CPU.Build.0 = Release|Any CPU
		{9D2525F1-3F8C-4627-B7FE-92B80E37BCF9}.Debug|Any CPU.ActiveCfg = Debug|Any CPU
		{9D2525F1-3F8C-4627-B7FE-92B80E37BCF9}.Debug|Any CPU.Build.0 = Debug|Any CPU
		{9D2525F1-3F8C-4627-B7FE-92B80E37BCF9}.Release|Any CPU.ActiveCfg = Release|Any CPU
		{9D2525F1-3F8C-4627-B7FE-92B80E37BCF9}.Release|Any CPU.Build.0 = Release|Any CPU
		{CC1CB197-1EF0-4A19-887B-87DFFDEE2AB2}.Debug|Any CPU.ActiveCfg = Debug|Any CPU
		{CC1CB197-1EF0-4A19-887B-87DFFDEE2AB2}.Debug|Any CPU.Build.0 = Debug|Any CPU
		{CC1CB197-1EF0-4A19-887B-87DFFDEE2AB2}.Release|Any CPU.ActiveCfg = Release|Any CPU
		{CC1CB197-1EF0-4A19-887B-87DFFDEE2AB2}.Release|Any CPU.Build.0 = Release|Any CPU
		{9E331918-F963-4D74-98B7-FE58A39D8115}.Debug|Any CPU.ActiveCfg = Debug|Any CPU
		{9E331918-F963-4D74-98B7-FE58A39D8115}.Debug|Any CPU.Build.0 = Debug|Any CPU
		{9E331918-F963-4D74-98B7-FE58A39D8115}.Release|Any CPU.ActiveCfg = Release|Any CPU
		{9E331918-F963-4D74-98B7-FE58A39D8115}.Release|Any CPU.Build.0 = Release|Any CPU
		{CE47BF94-D7AD-45AB-A5A6-F905E2AEA6CA}.Debug|Any CPU.ActiveCfg = Debug|Any CPU
		{CE47BF94-D7AD-45AB-A5A6-F905E2AEA6CA}.Debug|Any CPU.Build.0 = Debug|Any CPU
		{CE47BF94-D7AD-45AB-A5A6-F905E2AEA6CA}.Release|Any CPU.ActiveCfg = Release|Any CPU
		{CE47BF94-D7AD-45AB-A5A6-F905E2AEA6CA}.Release|Any CPU.Build.0 = Release|Any CPU
	EndGlobalSection
	GlobalSection(SolutionProperties) = preSolution
		HideSolutionNode = FALSE
	EndGlobalSection
EndGlobal
